# THIS IS AN AUTOGENERATED FILE. DO NOT EDIT THIS FILE DIRECTLY.
# yarn lockfile v1


"@fontsource/inder@^4.5.11":
  version "4.5.11"
  resolved "https://registry.yarnpkg.com/@fontsource/inder/-/inder-4.5.11.tgz#9198f1a339acb2a44af8ad2f29b0c7c57631d287"
  integrity sha512-TtfYxEU1wNEUfQkNSPS5s6M8ljOaJpWU/YKWsZnP/tKvjgZnADd+CCk2r71URyr1yb9OB6wWmhfZRNR4mDv8Kw==

"@fontsource/indie-flower@^4.5.10":
  version "4.5.10"
  resolved "https://registry.yarnpkg.com/@fontsource/indie-flower/-/indie-flower-4.5.10.tgz#be270549f23ffcaef2087bd8e0e834e75c848d87"
  integrity sha512-eT9FyIamAXk9v7XHtTpuOjI1kbxp5NKePfRJ5qy45T2poUWayfU4ub9ISDeVZRVKOxAsYIzk0+3OSraTsC0g5Q==

"@fontsource/inika@^4.5.11":
  version "4.5.11"
  resolved "https://registry.yarnpkg.com/@fontsource/inika/-/inika-4.5.11.tgz#67f0fa4fcf15b418ea0c52c4daf8cdee831087f8"
  integrity sha512-WBOp/8bLOeoAkbF9agdi5GsLUGnhFjCkrTyP5FYwW1iv0rVpdnatx2DLBtqcU42ICSuVBYux1zB2ov+6Ftb5uQ==

"@fontsource/inter@^4.5.14":
  version "4.5.14"
  resolved "https://registry.yarnpkg.com/@fontsource/inter/-/inter-4.5.14.tgz#3944b809aa7bf27dacd20bdc04a49fb738959724"
  integrity sha512-JDC9AocdPLuGsASkvWw9hS5gtHE7K9dOwL98XLrk5yjYqxy4uVnScG58NUvFMJDVJRl/7c8Wnap6PEs+7Zvj1Q==

"@fontsource/istok-web@^4.5.11":
  version "4.5.11"
  resolved "https://registry.yarnpkg.com/@fontsource/istok-web/-/istok-web-4.5.11.tgz#19ea6bd5d3a123d1552bfb9762896e9dfce87aa7"
  integrity sha512-zufosl3Sm61IiupALIpuvxy7vmuA1HYPid0BWT50n8hd9JhC2dEHw3g51kbWswmpjA3jQZoFGBKpInl2Nd7Wjw==
