# THIS IS AN AUTOGENERATED FILE. DO NOT EDIT THIS FILE DIRECTLY.
# yarn lockfile v1


"@fontsource/indie-flower@^4.5.10":
  version "4.5.10"
  resolved "https://registry.yarnpkg.com/@fontsource/indie-flower/-/indie-flower-4.5.10.tgz#be270549f23ffcaef2087bd8e0e834e75c848d87"
  integrity sha512-eT9FyIamAXk9v7XHtTpuOjI1kbxp5NKePfRJ5qy45T2poUWayfU4ub9ISDeVZRVKOxAsYIzk0+3OSraTsC0g5Q==

"@fontsource/inika@^4.5.11":
  version "4.5.11"
  resolved "https://registry.yarnpkg.com/@fontsource/inika/-/inika-4.5.11.tgz#67f0fa4fcf15b418ea0c52c4daf8cdee831087f8"
  integrity sha512-WBOp/8bLOeoAkbF9agdi5GsLUGnhFjCkrTyP5FYwW1iv0rVpdnatx2DLBtqcU42ICSuVBYux1zB2ov+6Ftb5uQ==
